
Microsoft Visual Studio Solution File, Format Version 12.00
# Visual Studio 15
VisualStudioVersion = 15.0.28307.102
MinimumVisualStudioVersion = 10.0.40219.1
Project("{9A19103F-16F7-4668-BE54-9A1E7A4F7556}") = "SpendingTrack", "SpendingTrack\SpendingTrack.csproj", "{DA21F242-5821-4648-900C-63A171C41B79}"
EndProject
Project("{FAE04EC0-301F-11D3-BF4B-00C04F79EFBC}") = "UnitTestSpendingTrack", "UnitTestSpendingTrack\UnitTestSpendingTrack.csproj", "{B037112B-4CE9-47DB-A56A-F011F1ACC5DD}"
EndProject
Global
	GlobalSection(SolutionConfigurationPlatforms) = preSolution
		Debug|Any CPU = Debug|Any CPU
		Release|Any CPU = Release|Any CPU
	EndGlobalSection
	GlobalSection(ProjectConfigurationPlatforms) = postSolution
		{DA21F242-5821-4648-900C-63A171C41B79}.Debug|Any CPU.ActiveCfg = Debug|Any CPU
		{DA21F242-5821-4648-900C-63A171C41B79}.Debug|Any CPU.Build.0 = Debug|Any CPU
		{DA21F242-5821-4648-900C-63A171C41B79}.Release|Any CPU.ActiveCfg = Release|Any CPU
		{DA21F242-5821-4648-900C-63A171C41B79}.Release|Any CPU.Build.0 = Release|Any CPU
		{B037112B-4CE9-47DB-A56A-F011F1ACC5DD}.Debug|Any CPU.ActiveCfg = Debug|Any CPU
		{B037112B-4CE9-47DB-A56A-F011F1ACC5DD}.Debug|Any CPU.Build.0 = Debug|Any CPU
		{B037112B-4CE9-47DB-A56A-F011F1ACC5DD}.Release|Any CPU.ActiveCfg = Release|Any CPU
		{B037112B-4CE9-47DB-A56A-F011F1ACC5DD}.Release|Any CPU.Build.0 = Release|Any CPU
	EndGlobalSection
	GlobalSection(SolutionProperties) = preSolution
		HideSolutionNode = FALSE
	EndGlobalSection
	GlobalSection(ExtensibilityGlobals) = postSolution
		SolutionGuid = {A9979C3E-CA1D-495E-9312-C5F7DDFF2EF7}
	EndGlobalSection
EndGlobal
